
Microsoft Visual Studio Solution File, Format Version 11.00
# Visual Studio 2010
Project("{8BC9CEB8-8B4A-11D0-8D11-00A0C91BC942}") = "DataType", "DataType\DataType.vcxproj", "{67F7F2F5-0B0E-4202-BB96-EB725112E965}"
EndProject
Global
	GlobalSection(SolutionConfigurationPlatforms) = preSolution
		Debug|Win32 = Debug|Win32
		Release|Win32 = Release|Win32
	EndGlobalSection
	GlobalSection(ProjectConfigurationPlatforms) = postSolution
		{67F7F2F5-0B0E-4202-BB96-EB725112E965}.Debug|Win32.ActiveCfg = Debug|Win32
		{67F7F2F5-0B0E-4202-BB96-EB725112E965}.Debug|Win32.Build.0 = Debug|Win32
		{67F7F2F5-0B0E-4202-BB96-EB725112E965}.Release|Win32.ActiveCfg = Release|Win32
		{67F7F2F5-0B0E-4202-BB96-EB725112E965}.Release|Win32.Build.0 = Release|Win32
	EndGlobalSection
	GlobalSection(SolutionProperties) = preSolution
		HideSolutionNode = FALSE
	EndGlobalSection
EndGlobal
